
Microsoft Visual Studio Solution File, Format Version 12.00
# Visual Studio Version 17
VisualStudioVersion = 17.0.31903.59
MinimumVisualStudioVersion = 10.0.40219.1
Project("{2150E333-8FDC-42A3-9474-1A3956D46DE8}") = "src", "src", "{6162F98A-35DA-4156-A8A1-F35EF5456B20}"
EndProject
Project("{2150E333-8FDC-42A3-9474-1A3956D46DE8}") = "web", "web", "{F9F945D6-566B-438C-987E-0E2F2D7AF26B}"
EndProject
Project("{2150E333-8FDC-42A3-9474-1A3956D46DE8}") = "tests", "tests", "{81D3B9AD-D2A8-454A-85EB-0966543DCCD7}"
EndProject
Project("{2150E333-8FDC-42A3-9474-1A3956D46DE8}") = "cli", "cli", "{28AEB72B-1904-4A7C-91B3-8687E78C9B4A}"
EndProject
Project("{9A19103F-16F7-4668-BE54-9A1E7A4F7556}") = "DncyTemplate.Domain", "src\DncyTemplate.Domain\DncyTemplate.Domain.csproj", "{3DBB49EE-0F57-4F13-B11C-C52C4370ADEA}"
EndProject
Project("{9A19103F-16F7-4668-BE54-9A1E7A4F7556}") = "DncyTemplate.Infra", "src\DncyTemplate.Infra\DncyTemplate.Infra.csproj", "{52235924-0AED-4D44-9DAC-32C7B95A407C}"
EndProject
Project("{9A19103F-16F7-4668-BE54-9A1E7A4F7556}") = "DncyTemplate.Application", "src\DncyTemplate.Application\DncyTemplate.Application.csproj", "{152F0C18-8C1B-4E79-A09D-CFD217BFA8C9}"
EndProject
Project("{9A19103F-16F7-4668-BE54-9A1E7A4F7556}") = "DncyTemplate.Api", "src\DncyTemplate.Api\DncyTemplate.Api.csproj", "{B5630043-66AE-4EE2-9711-750B9826A8EA}"
EndProject
Project("{9A19103F-16F7-4668-BE54-9A1E7A4F7556}") = "DncyTemplate.Mvc", "src\DncyTemplate.Mvc\DncyTemplate.Mvc.csproj", "{633ADAAB-FD97-47EB-87C9-66B57BEFDB20}"
EndProject
Project("{9A19103F-16F7-4668-BE54-9A1E7A4F7556}") = "DotnetyddTemplateCli", "cli\DotnetyddTemplateCli.csproj", "{F8187C5F-6210-45AE-89B7-41D2699F6396}"
EndProject
Project("{9A19103F-16F7-4668-BE54-9A1E7A4F7556}") = "DncyTemplate.UnitTest", "test\DncyTemplate.UnitTest\DncyTemplate.UnitTest.csproj", "{D94D7C53-6A2B-4E81-983A-A98CD9ED3984}"
EndProject
Project("{2150E333-8FDC-42A3-9474-1A3956D46DE8}") = "Solution Items", "Solution Items", "{86E41087-E100-47D7-93E2-0F7833F3A33E}"
	ProjectSection(SolutionItems) = preProject
		.editorconfig = .editorconfig
		Directory.Build.props = Directory.Build.props
		Directory.Packages.props = Directory.Packages.props
		dotnet-tools.json = dotnet-tools.json
		global.json = global.json
		nuget.config = nuget.config
	EndProjectSection
EndProject
Project("{9A19103F-16F7-4668-BE54-9A1E7A4F7556}") = "DncyTemplate.BlazorServer", "src\DncyTemplate.BlazorServer\DncyTemplate.BlazorServer.csproj", "{45B4044E-999D-46A3-B82D-5450B046BD00}"
EndProject
Project("{FAE04EC0-301F-11D3-BF4B-00C04F79EFBC}") = "DncyTemplate.ApiEndpoint", "src\DncyTemplate.ApiEndpoint\DncyTemplate.ApiEndpoint.csproj", "{C1B62E86-89E9-4ADE-AB64-3AD463573BBC}"
EndProject
Global
	GlobalSection(SolutionConfigurationPlatforms) = preSolution
		Debug|Any CPU = Debug|Any CPU
		Release|Any CPU = Release|Any CPU
	EndGlobalSection
	GlobalSection(ProjectConfigurationPlatforms) = postSolution
		{3DBB49EE-0F57-4F13-B11C-C52C4370ADEA}.Debug|Any CPU.ActiveCfg = Debug|Any CPU
		{3DBB49EE-0F57-4F13-B11C-C52C4370ADEA}.Debug|Any CPU.Build.0 = Debug|Any CPU
		{3DBB49EE-0F57-4F13-B11C-C52C4370ADEA}.Release|Any CPU.ActiveCfg = Release|Any CPU
		{3DBB49EE-0F57-4F13-B11C-C52C4370ADEA}.Release|Any CPU.Build.0 = Release|Any CPU
		{52235924-0AED-4D44-9DAC-32C7B95A407C}.Debug|Any CPU.ActiveCfg = Debug|Any CPU
		{52235924-0AED-4D44-9DAC-32C7B95A407C}.Debug|Any CPU.Build.0 = Debug|Any CPU
		{52235924-0AED-4D44-9DAC-32C7B95A407C}.Release|Any CPU.ActiveCfg = Release|Any CPU
		{52235924-0AED-4D44-9DAC-32C7B95A407C}.Release|Any CPU.Build.0 = Release|Any CPU
		{152F0C18-8C1B-4E79-A09D-CFD217BFA8C9}.Debug|Any CPU.ActiveCfg = Debug|Any CPU
		{152F0C18-8C1B-4E79-A09D-CFD217BFA8C9}.Debug|Any CPU.Build.0 = Debug|Any CPU
		{152F0C18-8C1B-4E79-A09D-CFD217BFA8C9}.Release|Any CPU.ActiveCfg = Release|Any CPU
		{152F0C18-8C1B-4E79-A09D-CFD217BFA8C9}.Release|Any CPU.Build.0 = Release|Any CPU
		{B5630043-66AE-4EE2-9711-750B9826A8EA}.Debug|Any CPU.ActiveCfg = Debug|Any CPU
		{B5630043-66AE-4EE2-9711-750B9826A8EA}.Debug|Any CPU.Build.0 = Debug|Any CPU
		{B5630043-66AE-4EE2-9711-750B9826A8EA}.Release|Any CPU.ActiveCfg = Release|Any CPU
		{B5630043-66AE-4EE2-9711-750B9826A8EA}.Release|Any CPU.Build.0 = Release|Any CPU
		{633ADAAB-FD97-47EB-87C9-66B57BEFDB20}.Debug|Any CPU.ActiveCfg = Debug|Any CPU
		{633ADAAB-FD97-47EB-87C9-66B57BEFDB20}.Debug|Any CPU.Build.0 = Debug|Any CPU
		{633ADAAB-FD97-47EB-87C9-66B57BEFDB20}.Release|Any CPU.ActiveCfg = Release|Any CPU
		{633ADAAB-FD97-47EB-87C9-66B57BEFDB20}.Release|Any CPU.Build.0 = Release|Any CPU
		{F8187C5F-6210-45AE-89B7-41D2699F6396}.Debug|Any CPU.ActiveCfg = Debug|Any CPU
		{F8187C5F-6210-45AE-89B7-41D2699F6396}.Debug|Any CPU.Build.0 = Debug|Any CPU
		{F8187C5F-6210-45AE-89B7-41D2699F6396}.Release|Any CPU.ActiveCfg = Release|Any CPU
		{F8187C5F-6210-45AE-89B7-41D2699F6396}.Release|Any CPU.Build.0 = Release|Any CPU
		{D94D7C53-6A2B-4E81-983A-A98CD9ED3984}.Debug|Any CPU.ActiveCfg = Debug|Any CPU
		{D94D7C53-6A2B-4E81-983A-A98CD9ED3984}.Debug|Any CPU.Build.0 = Debug|Any CPU
		{D94D7C53-6A2B-4E81-983A-A98CD9ED3984}.Release|Any CPU.ActiveCfg = Release|Any CPU
		{D94D7C53-6A2B-4E81-983A-A98CD9ED3984}.Release|Any CPU.Build.0 = Release|Any CPU
		{45B4044E-999D-46A3-B82D-5450B046BD00}.Debug|Any CPU.ActiveCfg = Debug|Any CPU
		{45B4044E-999D-46A3-B82D-5450B046BD00}.Debug|Any CPU.Build.0 = Debug|Any CPU
		{45B4044E-999D-46A3-B82D-5450B046BD00}.Release|Any CPU.ActiveCfg = Release|Any CPU
		{45B4044E-999D-46A3-B82D-5450B046BD00}.Release|Any CPU.Build.0 = Release|Any CPU
		{C1B62E86-89E9-4ADE-AB64-3AD463573BBC}.Debug|Any CPU.ActiveCfg = Debug|Any CPU
		{C1B62E86-89E9-4ADE-AB64-3AD463573BBC}.Debug|Any CPU.Build.0 = Debug|Any CPU
		{C1B62E86-89E9-4ADE-AB64-3AD463573BBC}.Release|Any CPU.ActiveCfg = Release|Any CPU
		{C1B62E86-89E9-4ADE-AB64-3AD463573BBC}.Release|Any CPU.Build.0 = Release|Any CPU
	EndGlobalSection
	GlobalSection(SolutionProperties) = preSolution
		HideSolutionNode = FALSE
	EndGlobalSection
	GlobalSection(NestedProjects) = preSolution
		{3DBB49EE-0F57-4F13-B11C-C52C4370ADEA} = {6162F98A-35DA-4156-A8A1-F35EF5456B20}
		{52235924-0AED-4D44-9DAC-32C7B95A407C} = {6162F98A-35DA-4156-A8A1-F35EF5456B20}
		{152F0C18-8C1B-4E79-A09D-CFD217BFA8C9} = {6162F98A-35DA-4156-A8A1-F35EF5456B20}
		{B5630043-66AE-4EE2-9711-750B9826A8EA} = {F9F945D6-566B-438C-987E-0E2F2D7AF26B}
		{633ADAAB-FD97-47EB-87C9-66B57BEFDB20} = {F9F945D6-566B-438C-987E-0E2F2D7AF26B}
		{F8187C5F-6210-45AE-89B7-41D2699F6396} = {28AEB72B-1904-4A7C-91B3-8687E78C9B4A}
		{D94D7C53-6A2B-4E81-983A-A98CD9ED3984} = {81D3B9AD-D2A8-454A-85EB-0966543DCCD7}
		{45B4044E-999D-46A3-B82D-5450B046BD00} = {F9F945D6-566B-438C-987E-0E2F2D7AF26B}
		{C1B62E86-89E9-4ADE-AB64-3AD463573BBC} = {F9F945D6-566B-438C-987E-0E2F2D7AF26B}
	EndGlobalSection
	GlobalSection(ExtensibilityGlobals) = postSolution
		SolutionGuid = {13E703B7-B02A-46A0-AF31-772D5307D075}
	EndGlobalSection
EndGlobal
