
Microsoft Visual Studio Solution File, Format Version 12.00
# Visual Studio Version 17
VisualStudioVersion = 17.1.32407.343
MinimumVisualStudioVersion = 10.0.40219.1
Project("{2150E333-8FDC-42A3-9474-1A3956D46DE8}") = "src", "src", "{BA440545-6BDE-4980-A19E-35AEA4A5ED33}"
EndProject
Project("{2150E333-8FDC-42A3-9474-1A3956D46DE8}") = "entry", "entry", "{8A45BA9B-B01E-4711-B1F5-C6B480A16FB5}"
EndProject
Project("{2150E333-8FDC-42A3-9474-1A3956D46DE8}") = "buildingblocks", "buildingblocks", "{34F69236-CB60-4ED5-AB18-0549133A5ED6}"
EndProject
Project("{2150E333-8FDC-42A3-9474-1A3956D46DE8}") = "test", "test", "{EAA16260-AC90-49C3-84FD-1C15F45D8618}"
EndProject
Project("{9A19103F-16F7-4668-BE54-9A1E7A4F7556}") = "DncyTemplate.Api", "DncyTemplate.Entry\DncyTemplate.Api\DncyTemplate.Api.csproj", "{E5BBD71F-F7C4-4018-B2C4-2AB2447ECECF}"
EndProject
Project("{9A19103F-16F7-4668-BE54-9A1E7A4F7556}") = "DncyTemplate.Mvc", "DncyTemplate.Entry\DncyTemplate.Mvc\DncyTemplate.Mvc.csproj", "{4029C1F2-2A8E-4F85-9F0B-CC85B1CA7BDF}"
EndProject
Project("{9A19103F-16F7-4668-BE54-9A1E7A4F7556}") = "DncyTemplate.Domain", "DncyTemplate.Domain\DncyTemplate.Domain.csproj", "{AD779142-16AE-4DE6-AD7E-197EFD8C42A9}"
EndProject
Project("{9A19103F-16F7-4668-BE54-9A1E7A4F7556}") = "DncyTemplate.Application", "DncyTemplate.Application\DncyTemplate.Application.csproj", "{B3FFCC62-3A10-4038-8BAF-E6C11237546D}"
EndProject
Project("{9A19103F-16F7-4668-BE54-9A1E7A4F7556}") = "DncyTemplate.Infra", "DncyTemplate.Infra\DncyTemplate.Infra.csproj", "{853D56B7-37C4-48B9-A186-9DB2FBB9908E}"
EndProject
Project("{2150E333-8FDC-42A3-9474-1A3956D46DE8}") = "Solution Items", "Solution Items", "{6CD8B935-1D86-4229-88E5-2CFE68CDA360}"
	ProjectSection(SolutionItems) = preProject
		.editorconfig = .editorconfig
	EndProjectSection
EndProject
Project("{2150E333-8FDC-42A3-9474-1A3956D46DE8}") = "backgroundservice", "backgroundservice", "{F7772447-488D-4B58-84A0-C18B27811656}"
EndProject
Project("{9A19103F-16F7-4668-BE54-9A1E7A4F7556}") = "DncyTemplate.Job", "DncyTemplate.BackgroundService\DncyTemplate.Job.csproj", "{513DE0C0-AB3D-4892-8DC7-01A57ED0B36C}"
EndProject
Global
	GlobalSection(SolutionConfigurationPlatforms) = preSolution
		Debug|Any CPU = Debug|Any CPU
		Release|Any CPU = Release|Any CPU
	EndGlobalSection
	GlobalSection(ProjectConfigurationPlatforms) = postSolution
		{E5BBD71F-F7C4-4018-B2C4-2AB2447ECECF}.Debug|Any CPU.ActiveCfg = Debug|Any CPU
		{E5BBD71F-F7C4-4018-B2C4-2AB2447ECECF}.Debug|Any CPU.Build.0 = Debug|Any CPU
		{E5BBD71F-F7C4-4018-B2C4-2AB2447ECECF}.Release|Any CPU.ActiveCfg = Release|Any CPU
		{E5BBD71F-F7C4-4018-B2C4-2AB2447ECECF}.Release|Any CPU.Build.0 = Release|Any CPU
		{4029C1F2-2A8E-4F85-9F0B-CC85B1CA7BDF}.Debug|Any CPU.ActiveCfg = Debug|Any CPU
		{4029C1F2-2A8E-4F85-9F0B-CC85B1CA7BDF}.Debug|Any CPU.Build.0 = Debug|Any CPU
		{4029C1F2-2A8E-4F85-9F0B-CC85B1CA7BDF}.Release|Any CPU.ActiveCfg = Release|Any CPU
		{4029C1F2-2A8E-4F85-9F0B-CC85B1CA7BDF}.Release|Any CPU.Build.0 = Release|Any CPU
		{AD779142-16AE-4DE6-AD7E-197EFD8C42A9}.Debug|Any CPU.ActiveCfg = Debug|Any CPU
		{AD779142-16AE-4DE6-AD7E-197EFD8C42A9}.Debug|Any CPU.Build.0 = Debug|Any CPU
		{AD779142-16AE-4DE6-AD7E-197EFD8C42A9}.Release|Any CPU.ActiveCfg = Release|Any CPU
		{AD779142-16AE-4DE6-AD7E-197EFD8C42A9}.Release|Any CPU.Build.0 = Release|Any CPU
		{B3FFCC62-3A10-4038-8BAF-E6C11237546D}.Debug|Any CPU.ActiveCfg = Debug|Any CPU
		{B3FFCC62-3A10-4038-8BAF-E6C11237546D}.Debug|Any CPU.Build.0 = Debug|Any CPU
		{B3FFCC62-3A10-4038-8BAF-E6C11237546D}.Release|Any CPU.ActiveCfg = Release|Any CPU
		{B3FFCC62-3A10-4038-8BAF-E6C11237546D}.Release|Any CPU.Build.0 = Release|Any CPU
		{853D56B7-37C4-48B9-A186-9DB2FBB9908E}.Debug|Any CPU.ActiveCfg = Debug|Any CPU
		{853D56B7-37C4-48B9-A186-9DB2FBB9908E}.Debug|Any CPU.Build.0 = Debug|Any CPU
		{853D56B7-37C4-48B9-A186-9DB2FBB9908E}.Release|Any CPU.ActiveCfg = Release|Any CPU
		{853D56B7-37C4-48B9-A186-9DB2FBB9908E}.Release|Any CPU.Build.0 = Release|Any CPU
		{513DE0C0-AB3D-4892-8DC7-01A57ED0B36C}.Debug|Any CPU.ActiveCfg = Debug|Any CPU
		{513DE0C0-AB3D-4892-8DC7-01A57ED0B36C}.Debug|Any CPU.Build.0 = Debug|Any CPU
		{513DE0C0-AB3D-4892-8DC7-01A57ED0B36C}.Release|Any CPU.ActiveCfg = Release|Any CPU
		{513DE0C0-AB3D-4892-8DC7-01A57ED0B36C}.Release|Any CPU.Build.0 = Release|Any CPU
	EndGlobalSection
	GlobalSection(SolutionProperties) = preSolution
		HideSolutionNode = FALSE
	EndGlobalSection
	GlobalSection(NestedProjects) = preSolution
		{E5BBD71F-F7C4-4018-B2C4-2AB2447ECECF} = {8A45BA9B-B01E-4711-B1F5-C6B480A16FB5}
		{4029C1F2-2A8E-4F85-9F0B-CC85B1CA7BDF} = {8A45BA9B-B01E-4711-B1F5-C6B480A16FB5}
		{AD779142-16AE-4DE6-AD7E-197EFD8C42A9} = {BA440545-6BDE-4980-A19E-35AEA4A5ED33}
		{B3FFCC62-3A10-4038-8BAF-E6C11237546D} = {BA440545-6BDE-4980-A19E-35AEA4A5ED33}
		{853D56B7-37C4-48B9-A186-9DB2FBB9908E} = {BA440545-6BDE-4980-A19E-35AEA4A5ED33}
		{513DE0C0-AB3D-4892-8DC7-01A57ED0B36C} = {F7772447-488D-4B58-84A0-C18B27811656}
	EndGlobalSection
	GlobalSection(ExtensibilityGlobals) = postSolution
		SolutionGuid = {28479403-763B-4355-8116-230D3A14D1BB}
	EndGlobalSection
EndGlobal
